
Microsoft Visual Studio Solution File, Format Version 12.00
# Visual Studio 2012
Project("{FAE04EC0-301F-11D3-BF4B-00C04F79EFBC}") = "ProceduralMapping", "ProceduralMapping\ProceduralMapping.csproj", "{66246699-4CBE-41E6-A197-BBEA66763B4C}"
EndProject
Project("{FAE04EC0-301F-11D3-BF4B-00C04F79EFBC}") = "PCG.Library", "PCG.Library\PCG.Library.csproj", "{5C12C64A-65EB-42CF-BF1A-84243979A7BA}"
EndProject
Project("{FAE04EC0-301F-11D3-BF4B-00C04F79EFBC}") = "PCG.Tests", "PCG.Tests\PCG.Tests.csproj", "{45FDDF33-BF8D-4B1A-B2CB-384B6F30B880}"
EndProject
Global
	GlobalSection(SolutionConfigurationPlatforms) = preSolution
		Debug|Any CPU = Debug|Any CPU
		Release|Any CPU = Release|Any CPU
	EndGlobalSection
	GlobalSection(ProjectConfigurationPlatforms) = postSolution
		{66246699-4CBE-41E6-A197-BBEA66763B4C}.Debug|Any CPU.ActiveCfg = Debug|Any CPU
		{66246699-4CBE-41E6-A197-BBEA66763B4C}.Debug|Any CPU.Build.0 = Debug|Any CPU
		{66246699-4CBE-41E6-A197-BBEA66763B4C}.Release|Any CPU.ActiveCfg = Release|Any CPU
		{66246699-4CBE-41E6-A197-BBEA66763B4C}.Release|Any CPU.Build.0 = Release|Any CPU
		{5C12C64A-65EB-42CF-BF1A-84243979A7BA}.Debug|Any CPU.ActiveCfg = Debug|Any CPU
		{5C12C64A-65EB-42CF-BF1A-84243979A7BA}.Debug|Any CPU.Build.0 = Debug|Any CPU
		{5C12C64A-65EB-42CF-BF1A-84243979A7BA}.Release|Any CPU.ActiveCfg = Release|Any CPU
		{5C12C64A-65EB-42CF-BF1A-84243979A7BA}.Release|Any CPU.Build.0 = Release|Any CPU
		{45FDDF33-BF8D-4B1A-B2CB-384B6F30B880}.Debug|Any CPU.ActiveCfg = Debug|Any CPU
		{45FDDF33-BF8D-4B1A-B2CB-384B6F30B880}.Debug|Any CPU.Build.0 = Debug|Any CPU
		{45FDDF33-BF8D-4B1A-B2CB-384B6F30B880}.Release|Any CPU.ActiveCfg = Release|Any CPU
		{45FDDF33-BF8D-4B1A-B2CB-384B6F30B880}.Release|Any CPU.Build.0 = Release|Any CPU
	EndGlobalSection
	GlobalSection(SolutionProperties) = preSolution
		HideSolutionNode = FALSE
	EndGlobalSection
EndGlobal
